
Microsoft Visual Studio Solution File, Format Version 12.00
# Visual Studio Version 16
VisualStudioVersion = 16.0.29709.97
MinimumVisualStudioVersion = 10.0.40219.1
Project("{FAE04EC0-301F-11D3-BF4B-00C04F79EFBC}") = "Read Screen Text", "Read Screen Text\Read Screen Text.csproj", "{FBDA2EA2-4BC6-40FA-9DFA-0633E286DAA1}"
EndProject
Global
	GlobalSection(SolutionConfigurationPlatforms) = preSolution
		Debug|Any CPU = Debug|Any CPU
		Release|Any CPU = Release|Any CPU
	EndGlobalSection
	GlobalSection(ProjectConfigurationPlatforms) = postSolution
		{FBDA2EA2-4BC6-40FA-9DFA-0633E286DAA1}.Debug|Any CPU.ActiveCfg = Debug|Any CPU
		{FBDA2EA2-4BC6-40FA-9DFA-0633E286DAA1}.Debug|Any CPU.Build.0 = Debug|Any CPU
		{FBDA2EA2-4BC6-40FA-9DFA-0633E286DAA1}.Release|Any CPU.ActiveCfg = Release|Any CPU
		{FBDA2EA2-4BC6-40FA-9DFA-0633E286DAA1}.Release|Any CPU.Build.0 = Release|Any CPU
	EndGlobalSection
	GlobalSection(SolutionProperties) = preSolution
		HideSolutionNode = FALSE
	EndGlobalSection
	GlobalSection(ExtensibilityGlobals) = postSolution
		SolutionGuid = {E1E12805-E753-47C4-A888-BA6C9E885546}
	EndGlobalSection
EndGlobal
